
Microsoft Visual Studio Solution File, Format Version 12.00
# Visual Studio Version 16
VisualStudioVersion = 16.0.32106.194
MinimumVisualStudioVersion = 10.0.40219.1
Project("{FAE04EC0-301F-11D3-BF4B-00C04F79EFBC}") = "vehiclesFb", "vehiclesFb\vehiclesFb.csproj", "{B045B5C8-359C-4667-8CFD-18EA67E7BBAA}"
EndProject
Global
	GlobalSection(SolutionConfigurationPlatforms) = preSolution
		Debug|Any CPU = Debug|Any CPU
		Release|Any CPU = Release|Any CPU
	EndGlobalSection
	GlobalSection(ProjectConfigurationPlatforms) = postSolution
		{B045B5C8-359C-4667-8CFD-18EA67E7BBAA}.Debug|Any CPU.ActiveCfg = Debug|Any CPU
		{B045B5C8-359C-4667-8CFD-18EA67E7BBAA}.Debug|Any CPU.Build.0 = Debug|Any CPU
		{B045B5C8-359C-4667-8CFD-18EA67E7BBAA}.Release|Any CPU.ActiveCfg = Release|Any CPU
		{B045B5C8-359C-4667-8CFD-18EA67E7BBAA}.Release|Any CPU.Build.0 = Release|Any CPU
	EndGlobalSection
	GlobalSection(SolutionProperties) = preSolution
		HideSolutionNode = FALSE
	EndGlobalSection
	GlobalSection(ExtensibilityGlobals) = postSolution
		SolutionGuid = {25F0A500-A7E8-4365-B341-FF161C8E71BE}
	EndGlobalSection
EndGlobal
